// !$*UTF8*$!
{
	archiveVersion = 1;
	classes = {
	};
	objectVersion = 50;
	objects = {

/* Begin PBXBuildFile section */
		0577AD0F23E0A86D009A5FB9 /* AppDelegate.swift in Sources */ = {isa = PBXBuildFile; fileRef = 0577AD0E23E0A86D009A5FB9 /* AppDelegate.swift */; };
		0577AD1123E0A86D009A5FB9 /* SceneDelegate.swift in Sources */ = {isa = PBXBuildFile; fileRef = 0577AD1023E0A86D009A5FB9 /* SceneDelegate.swift */; };
		0577AD1323E0A86D009A5FB9 /* ViewController.swift in Sources */ = {isa = PBXBuildFile; fileRef = 0577AD1223E0A86D009A5FB9 /* ViewController.swift */; };
		0577AD1623E0A86D009A5FB9 /* Main.storyboard in Resources */ = {isa = PBXBuildFile; fileRef = 0577AD1423E0A86D009A5FB9 /* Main.storyboard */; };
		0577AD1823E0A882009A5FB9 /* Assets.xcassets in Resources */ = {isa = PBXBuildFile; fileRef = 0577AD1723E0A882009A5FB9 /* Assets.xcassets */; };
		0577AD1B23E0A882009A5FB9 /* LaunchScreen.storyboard in Resources */ = {isa = PBXBuildFile; fileRef = 0577AD1923E0A882009A5FB9 /* LaunchScreen.storyboard */; };
		0577AD2323E0A8C5009A5FB9 /* PageViewControllerVertical.swift in Sources */ = {isa = PBXBuildFile; fileRef = 0577AD2223E0A8C5009A5FB9 /* PageViewControllerVertical.swift */; };
		0577AD2723E0B0BB009A5FB9 /* HomeViewController.swift in Sources */ = {isa = PBXBuildFile; fileRef = 0577AD2623E0B0BB009A5FB9 /* HomeViewController.swift */; };
		05F9740E23EB6E6100C90227 /* Node.swift in Sources */ = {isa = PBXBuildFile; fileRef = 05F9740D23EB6E6100C90227 /* Node.swift */; };
		05F9741023EB6E7800C90227 /* Color+.swift in Sources */ = {isa = PBXBuildFile; fileRef = 05F9740F23EB6E7800C90227 /* Color+.swift */; };
		05F9741623EB71CB00C90227 /* PageViewControllerHorizontal.swift in Sources */ = {isa = PBXBuildFile; fileRef = 05F9741523EB71CB00C90227 /* PageViewControllerHorizontal.swift */; };
/* End PBXBuildFile section */

/* Begin PBXFileReference section */
		0577AD0B23E0A86D009A5FB9 /* LinkedPageExample.app */ = {isa = PBXFileReference; explicitFileType = wrapper.application; includeInIndex = 0; path = LinkedPageExample.app; sourceTree = BUILT_PRODUCTS_DIR; };
		0577AD0E23E0A86D009A5FB9 /* AppDelegate.swift */ = {isa = PBXFileReference; lastKnownFileType = sourcecode.swift; path = AppDelegate.swift; sourceTree = "<group>"; };
		0577AD1023E0A86D009A5FB9 /* SceneDelegate.swift */ = {isa = PBXFileReference; lastKnownFileType = sourcecode.swift; path = SceneDelegate.swift; sourceTree = "<group>"; };
		0577AD1223E0A86D009A5FB9 /* ViewController.swift */ = {isa = PBXFileReference; lastKnownFileType = sourcecode.swift; path = ViewController.swift; sourceTree = "<group>"; };
		0577AD1523E0A86D009A5FB9 /* Base */ = {isa = PBXFileReference; lastKnownFileType = file.storyboard; name = Base; path = Base.lproj/Main.storyboard; sourceTree = "<group>"; };
		0577AD1723E0A882009A5FB9 /* Assets.xcassets */ = {isa = PBXFileReference; lastKnownFileType = folder.assetcatalog; path = Assets.xcassets; sourceTree = "<group>"; };
		0577AD1A23E0A882009A5FB9 /* Base */ = {isa = PBXFileReference; lastKnownFileType = file.storyboard; name = Base; path = Base.lproj/LaunchScreen.storyboard; sourceTree = "<group>"; };
		0577AD1C23E0A882009A5FB9 /* Info.plist */ = {isa = PBXFileReference; lastKnownFileType = text.plist.xml; path = Info.plist; sourceTree = "<group>"; };
		0577AD2223E0A8C5009A5FB9 /* PageViewControllerVertical.swift */ = {isa = PBXFileReference; lastKnownFileType = sourcecode.swift; path = PageViewControllerVertical.swift; sourceTree = "<group>"; };
		0577AD2623E0B0BB009A5FB9 /* HomeViewController.swift */ = {isa = PBXFileReference; lastKnownFileType = sourcecode.swift; path = HomeViewController.swift; sourceTree = "<group>"; };
		05F9740D23EB6E6100C90227 /* Node.swift */ = {isa = PBXFileReference; lastKnownFileType = sourcecode.swift; path = Node.swift; sourceTree = "<group>"; };
		05F9740F23EB6E7800C90227 /* Color+.swift */ = {isa = PBXFileReference; lastKnownFileType = sourcecode.swift; path = "Color+.swift"; sourceTree = "<group>"; };
		05F9741523EB71CB00C90227 /* PageViewControllerHorizontal.swift */ = {isa = PBXFileReference; fileEncoding = 4; lastKnownFileType = sourcecode.swift; path = PageViewControllerHorizontal.swift; sourceTree = "<group>"; };
/* End PBXFileReference section */

/* Begin PBXFrameworksBuildPhase section */
		0577AD0823E0A86D009A5FB9 /* Frameworks */ = {
			isa = PBXFrameworksBuildPhase;
			buildActionMask = 2147483647;
			files = (
			);
			runOnlyForDeploymentPostprocessing = 0;
		};
/* End PBXFrameworksBuildPhase section */

/* Begin PBXGroup section */
		0577AD0223E0A86D009A5FB9 = {
			isa = PBXGroup;
			children = (
				0577AD0D23E0A86D009A5FB9 /* LinkedPageExample */,
				0577AD0C23E0A86D009A5FB9 /* Products */,
			);
			sourceTree = "<group>";
		};
		0577AD0C23E0A86D009A5FB9 /* Products */ = {
			isa = PBXGroup;
			children = (
				0577AD0B23E0A86D009A5FB9 /* LinkedPageExample.app */,
			);
			name = Products;
			sourceTree = "<group>";
		};
		0577AD0D23E0A86D009A5FB9 /* LinkedPageExample */ = {
			isa = PBXGroup;
			children = (
				05F9741423EB70E300C90227 /* Helpers */,
				05F9741223EB6EA200C90227 /* Controllers */,
				05F9741123EB6E9A00C90227 /* Base */,
				0577AD1423E0A86D009A5FB9 /* Main.storyboard */,
				0577AD1723E0A882009A5FB9 /* Assets.xcassets */,
				0577AD1923E0A882009A5FB9 /* LaunchScreen.storyboard */,
				0577AD1C23E0A882009A5FB9 /* Info.plist */,
			);
			path = LinkedPageExample;
			sourceTree = "<group>";
		};
		05F9741123EB6E9A00C90227 /* Base */ = {
			isa = PBXGroup;
			children = (
				0577AD0E23E0A86D009A5FB9 /* AppDelegate.swift */,
				0577AD1023E0A86D009A5FB9 /* SceneDelegate.swift */,
			);
			path = Base;
			sourceTree = "<group>";
		};
		05F9741223EB6EA200C90227 /* Controllers */ = {
			isa = PBXGroup;
			children = (
				0577AD1223E0A86D009A5FB9 /* ViewController.swift */,
				0577AD2223E0A8C5009A5FB9 /* PageViewControllerVertical.swift */,
				05F9741523EB71CB00C90227 /* PageViewControllerHorizontal.swift */,
				0577AD2623E0B0BB009A5FB9 /* HomeViewController.swift */,
			);
			path = Controllers;
			sourceTree = "<group>";
		};
		05F9741423EB70E300C90227 /* Helpers */ = {
			isa = PBXGroup;
			children = (
				05F9740D23EB6E6100C90227 /* Node.swift */,
				05F9740F23EB6E7800C90227 /* Color+.swift */,
			);
			path = Helpers;
			sourceTree = "<group>";
		};
/* End PBXGroup section */

/* Begin PBXNativeTarget section */
		0577AD0A23E0A86D009A5FB9 /* LinkedPageExample */ = {
			isa = PBXNativeTarget;
			buildConfigurationList = 0577AD1F23E0A882009A5FB9 /* Build configuration list for PBXNativeTarget "LinkedPageExample" */;
			buildPhases = (
				0577AD0723E0A86D009A5FB9 /* Sources */,
				0577AD0823E0A86D009A5FB9 /* Frameworks */,
				0577AD0923E0A86D009A5FB9 /* Resources */,
			);
			buildRules = (
			);
			dependencies = (
			);
			name = LinkedPageExample;
			productName = LinkedPageExample;
			productReference = 0577AD0B23E0A86D009A5FB9 /* LinkedPageExample.app */;
			productType = "com.apple.product-type.application";
		};
/* End PBXNativeTarget section */

/* Begin PBXProject section */
		0577AD0323E0A86D009A5FB9 /* Project object */ = {
			isa = PBXProject;
			attributes = {
				LastSwiftUpdateCheck = 1130;
				LastUpgradeCheck = 1130;
				ORGANIZATIONNAME = "Aspendos IT";
				TargetAttributes = {
					0577AD0A23E0A86D009A5FB9 = {
						CreatedOnToolsVersion = 11.3.1;
					};
				};
			};
			buildConfigurationList = 0577AD0623E0A86D009A5FB9 /* Build configuration list for PBXProject "LinkedPageExample" */;
			compatibilityVersion = "Xcode 9.3";
			developmentRegion = en;
			hasScannedForEncodings = 0;
			knownRegions = (
				en,
				Base,
			);
			mainGroup = 0577AD0223E0A86D009A5FB9;
			productRefGroup = 0577AD0C23E0A86D009A5FB9 /* Products */;
			projectDirPath = "";
			projectRoot = "";
			targets = (
				0577AD0A23E0A86D009A5FB9 /* LinkedPageExample */,
			);
		};
/* End PBXProject section */

/* Begin PBXResourcesBuildPhase section */
		0577AD0923E0A86D009A5FB9 /* Resources */ = {
			isa = PBXResourcesBuildPhase;
			buildActionMask = 2147483647;
			files = (
				0577AD1B23E0A882009A5FB9 /* LaunchScreen.storyboard in Resources */,
				0577AD1823E0A882009A5FB9 /* Assets.xcassets in Resources */,
				0577AD1623E0A86D009A5FB9 /* Main.storyboard in Resources */,
			);
			runOnlyForDeploymentPostprocessing = 0;
		};
/* End PBXResourcesBuildPhase section */

/* Begin PBXSourcesBuildPhase section */
		0577AD0723E0A86D009A5FB9 /* Sources */ = {
			isa = PBXSourcesBuildPhase;
			buildActionMask = 2147483647;
			files = (
				0577AD1323E0A86D009A5FB9 /* ViewController.swift in Sources */,
				05F9741023EB6E7800C90227 /* Color+.swift in Sources */,
				0577AD0F23E0A86D009A5FB9 /* AppDelegate.swift in Sources */,
				0577AD2323E0A8C5009A5FB9 /* PageViewControllerVertical.swift in Sources */,
				0577AD1123E0A86D009A5FB9 /* SceneDelegate.swift in Sources */,
				0577AD2723E0B0BB009A5FB9 /* HomeViewController.swift in Sources */,
				05F9740E23EB6E6100C90227 /* Node.swift in Sources */,
				05F9741623EB71CB00C90227 /* PageViewControllerHorizontal.swift in Sources */,
			);
			runOnlyForDeploymentPostprocessing = 0;
		};
/* End PBXSourcesBuildPhase section */

/* Begin PBXVariantGroup section */
		0577AD1423E0A86D009A5FB9 /* Main.storyboard */ = {
			isa = PBXVariantGroup;
			children = (
				0577AD1523E0A86D009A5FB9 /* Base */,
			);
			name = Main.storyboard;
			sourceTree = "<group>";
		};
		0577AD1923E0A882009A5FB9 /* LaunchScreen.storyboard */ = {
			isa = PBXVariantGroup;
			children = (
				0577AD1A23E0A882009A5FB9 /* Base */,
			);
			name = LaunchScreen.storyboard;
			sourceTree = "<group>";
		};
/* End PBXVariantGroup section */

/* Begin XCBuildConfiguration section */
		0577AD1D23E0A882009A5FB9 /* Debug */ = {
			isa = XCBuildConfiguration;
			buildSettings = {
				ALWAYS_SEARCH_USER_PATHS = NO;
				CLANG_ANALYZER_NONNULL = YES;
				CLANG_ANALYZER_NUMBER_OBJECT_CONVERSION = YES_AGGRESSIVE;
				CLANG_CXX_LANGUAGE_STANDARD = "gnu++14";
				CLANG_CXX_LIBRARY = "libc++";
				CLANG_ENABLE_MODULES = YES;
				CLANG_ENABLE_OBJC_ARC = YES;
				CLANG_ENABLE_OBJC_WEAK = YES;
				CLANG_WARN_BLOCK_CAPTURE_AUTORELEASING = YES;
				CLANG_WARN_BOOL_CONVERSION = YES;
				CLANG_WARN_COMMA = YES;
				CLANG_WARN_CONSTANT_CONVERSION = YES;
				CLANG_WARN_DEPRECATED_OBJC_IMPLEMENTATIONS = YES;
				CLANG_WARN_DIRECT_OBJC_ISA_USAGE = YES_ERROR;
				CLANG_WARN_DOCUMENTATION_COMMENTS = YES;
				CLANG_WARN_EMPTY_BODY = YES;
				CLANG_WARN_ENUM_CONVERSION = YES;
				CLANG_WARN_INFINITE_RECURSION = YES;
				CLANG_WARN_INT_CONVERSION = YES;
				CLANG_WARN_NON_LITERAL_NULL_CONVERSION = YES;
				CLANG_WARN_OBJC_IMPLICIT_RETAIN_SELF = YES;
				CLANG_WARN_OBJC_LITERAL_CONVERSION = YES;
				CLANG_WARN_OBJC_ROOT_CLASS = YES_ERROR;
				CLANG_WARN_RANGE_LOOP_ANALYSIS = YES;
				CLANG_WARN_STRICT_PROTOTYPES = YES;
				CLANG_WARN_SUSPICIOUS_MOVE = YES;
				CLANG_WARN_UNGUARDED_AVAILABILITY = YES_AGGRESSIVE;
				CLANG_WARN_UNREACHABLE_CODE = YES;
				CLANG_WARN__DUPLICATE_METHOD_MATCH = YES;
				COPY_PHASE_STRIP = NO;
				DEBUG_INFORMATION_FORMAT = dwarf;
				ENABLE_STRICT_OBJC_MSGSEND = YES;
				ENABLE_TESTABILITY = YES;
				GCC_C_LANGUAGE_STANDARD = gnu11;
				GCC_DYNAMIC_NO_PIC = NO;
				GCC_NO_COMMON_BLOCKS = YES;
				GCC_OPTIMIZATION_LEVEL = 0;
				GCC_PREPROCESSOR_DEFINITIONS = (
					"DEBUG=1",
					"$(inherited)",
				);
				GCC_WARN_64_TO_32_BIT_CONVERSION = YES;
				GCC_WARN_ABOUT_RETURN_TYPE = YES_ERROR;
				GCC_WARN_UNDECLARED_SELECTOR = YES;
				GCC_WARN_UNINITIALIZED_AUTOS = YES_AGGRESSIVE;
				GCC_WARN_UNUSED_FUNCTION = YES;
				GCC_WARN_UNUSED_VARIABLE = YES;
				IPHONEOS_DEPLOYMENT_TARGET = 13.2;
				MTL_ENABLE_DEBUG_INFO = INCLUDE_SOURCE;
				MTL_FAST_MATH = YES;
				ONLY_ACTIVE_ARCH = YES;
				SDKROOT = iphoneos;
				SWIFT_ACTIVE_COMPILATION_CONDITIONS = DEBUG;
				SWIFT_OPTIMIZATION_LEVEL = "-Onone";
			};
			name = Debug;
		};
		0577AD1E23E0A882009A5FB9 /* Release */ = {
			isa = XCBuildConfiguration;
			buildSettings = {
				ALWAYS_SEARCH_USER_PATHS = NO;
				CLANG_ANALYZER_NONNULL = YES;
				CLANG_ANALYZER_NUMBER_OBJECT_CONVERSION = YES_AGGRESSIVE;
				CLANG_CXX_LANGUAGE_STANDARD = "gnu++14";
				CLANG_CXX_LIBRARY = "libc++";
				CLANG_ENABLE_MODULES = YES;
				CLANG_ENABLE_OBJC_ARC = YES;
				CLANG_ENABLE_OBJC_WEAK = YES;
				CLANG_WARN_BLOCK_CAPTURE_AUTORELEASING = YES;
				CLANG_WARN_BOOL_CONVERSION = YES;
				CLANG_WARN_COMMA = YES;
				CLANG_WARN_CONSTANT_CONVERSION = YES;
				CLANG_WARN_DEPRECATED_OBJC_IMPLEMENTATIONS = YES;
				CLANG_WARN_DIRECT_OBJC_ISA_USAGE = YES_ERROR;
				CLANG_WARN_DOCUMENTATION_COMMENTS = YES;
				CLANG_WARN_EMPTY_BODY = YES;
				CLANG_WARN_ENUM_CONVERSION = YES;
				CLANG_WARN_INFINITE_RECURSION = YES;
				CLANG_WARN_INT_CONVERSION = YES;
				CLANG_WARN_NON_LITERAL_NULL_CONVERSION = YES;
				CLANG_WARN_OBJC_IMPLICIT_RETAIN_SELF = YES;
				CLANG_WARN_OBJC_LITERAL_CONVERSION = YES;
				CLANG_WARN_OBJC_ROOT_CLASS = YES_ERROR;
				CLANG_WARN_RANGE_LOOP_ANALYSIS = YES;
				CLANG_WARN_STRICT_PROTOTYPES = YES;
				CLANG_WARN_SUSPICIOUS_MOVE = YES;
				CLANG_WARN_UNGUARDED_AVAILABILITY = YES_AGGRESSIVE;
				CLANG_WARN_UNREACHABLE_CODE = YES;
				CLANG_WARN__DUPLICATE_METHOD_MATCH = YES;
				COPY_PHASE_STRIP = NO;
				DEBUG_INFORMATION_FORMAT = "dwarf-with-dsym";
				ENABLE_NS_ASSERTIONS = NO;
				ENABLE_STRICT_OBJC_MSGSEND = YES;
				GCC_C_LANGUAGE_STANDARD = gnu11;
				GCC_NO_COMMON_BLOCKS = YES;
				GCC_WARN_64_TO_32_BIT_CONVERSION = YES;
				GCC_WARN_ABOUT_RETURN_TYPE = YES_ERROR;
				GCC_WARN_UNDECLARED_SELECTOR = YES;
				GCC_WARN_UNINITIALIZED_AUTOS = YES_AGGRESSIVE;
				GCC_WARN_UNUSED_FUNCTION = YES;
				GCC_WARN_UNUSED_VARIABLE = YES;
				IPHONEOS_DEPLOYMENT_TARGET = 13.2;
				MTL_ENABLE_DEBUG_INFO = NO;
				MTL_FAST_MATH = YES;
				SDKROOT = iphoneos;
				SWIFT_COMPILATION_MODE = wholemodule;
				SWIFT_OPTIMIZATION_LEVEL = "-O";
				VALIDATE_PRODUCT = YES;
			};
			name = Release;
		};
		0577AD2023E0A882009A5FB9 /* Debug */ = {
			isa = XCBuildConfiguration;
			buildSettings = {
				ASSETCATALOG_COMPILER_APPICON_NAME = AppIcon;
				CODE_SIGN_STYLE = Automatic;
				DEVELOPMENT_TEAM = VYGZYM27PR;
				INFOPLIST_FILE = LinkedPageExample/Info.plist;
				LD_RUNPATH_SEARCH_PATHS = (
					"$(inherited)",
					"@executable_path/Frameworks",
				);
				PRODUCT_BUNDLE_IDENTIFIER = sirman.LinkedPageExample;
				PRODUCT_NAME = "$(TARGET_NAME)";
				SWIFT_VERSION = 5.0;
				TARGETED_DEVICE_FAMILY = "1,2";
			};
			name = Debug;
		};
		0577AD2123E0A882009A5FB9 /* Release */ = {
			isa = XCBuildConfiguration;
			buildSettings = {
				ASSETCATALOG_COMPILER_APPICON_NAME = AppIcon;
				CODE_SIGN_STYLE = Automatic;
				DEVELOPMENT_TEAM = VYGZYM27PR;
				INFOPLIST_FILE = LinkedPageExample/Info.plist;
				LD_RUNPATH_SEARCH_PATHS = (
					"$(inherited)",
					"@executable_path/Frameworks",
				);
				PRODUCT_BUNDLE_IDENTIFIER = sirman.LinkedPageExample;
				PRODUCT_NAME = "$(TARGET_NAME)";
				SWIFT_VERSION = 5.0;
				TARGETED_DEVICE_FAMILY = "1,2";
			};
			name = Release;
		};
/* End XCBuildConfiguration section */

/* Begin XCConfigurationList section */
		0577AD0623E0A86D009A5FB9 /* Build configuration list for PBXProject "LinkedPageExample" */ = {
			isa = XCConfigurationList;
			buildConfigurations = (
				0577AD1D23E0A882009A5FB9 /* Debug */,
				0577AD1E23E0A882009A5FB9 /* Release */,
			);
			defaultConfigurationIsVisible = 0;
			defaultConfigurationName = Release;
		};
		0577AD1F23E0A882009A5FB9 /* Build configuration list for PBXNativeTarget "LinkedPageExample" */ = {
			isa = XCConfigurationList;
			buildConfigurations = (
				0577AD2023E0A882009A5FB9 /* Debug */,
				0577AD2123E0A882009A5FB9 /* Release */,
			);
			defaultConfigurationIsVisible = 0;
			defaultConfigurationName = Release;
		};
/* End XCConfigurationList section */
	};
	rootObject = 0577AD0323E0A86D009A5FB9 /* Project object */;
}
